
Microsoft Visual Studio Solution File, Format Version 12.00
Project("{FAE04EC0-301F-11D3-BF4B-00C04F79EFBC}") = "RoomsReservationsApi", "RoomsReservationsApi\RoomsReservationsApi.csproj", "{14150DC2-0656-4121-83C1-E0AF025AB0D9}"
EndProject
Global
	GlobalSection(SolutionConfigurationPlatforms) = preSolution
		Debug|Any CPU = Debug|Any CPU
		Release|Any CPU = Release|Any CPU
	EndGlobalSection
	GlobalSection(ProjectConfigurationPlatforms) = postSolution
		{14150DC2-0656-4121-83C1-E0AF025AB0D9}.Debug|Any CPU.ActiveCfg = Debug|Any CPU
		{14150DC2-0656-4121-83C1-E0AF025AB0D9}.Debug|Any CPU.Build.0 = Debug|Any CPU
		{14150DC2-0656-4121-83C1-E0AF025AB0D9}.Release|Any CPU.ActiveCfg = Release|Any CPU
		{14150DC2-0656-4121-83C1-E0AF025AB0D9}.Release|Any CPU.Build.0 = Release|Any CPU
	EndGlobalSection
EndGlobal
